// !$*UTF8*$!
{
	archiveVersion = 1;
	classes = {
	};
	objectVersion = 55;
	objects = {

/* Begin PBXBuildFile section */
		9C4826E8273ADCDD000CC8DC /* Localizable.strings in Resources */ = {isa = PBXBuildFile; fileRef = 9C4826EA273ADCDD000CC8DC /* Localizable.strings */; };
		9C4E63EA2736BA7F0097AD60 /* AppDelegate.swift in Sources */ = {isa = PBXBuildFile; fileRef = 9C4E63E92736BA7F0097AD60 /* AppDelegate.swift */; };
		9C4E63EC2736BA7F0097AD60 /* SceneDelegate.swift in Sources */ = {isa = PBXBuildFile; fileRef = 9C4E63EB2736BA7F0097AD60 /* SceneDelegate.swift */; };
		9C4E63F32736BA810097AD60 /* Assets.xcassets in Resources */ = {isa = PBXBuildFile; fileRef = 9C4E63F22736BA810097AD60 /* Assets.xcassets */; };
		9C4E63F62736BA810097AD60 /* LaunchScreen.storyboard in Resources */ = {isa = PBXBuildFile; fileRef = 9C4E63F42736BA810097AD60 /* LaunchScreen.storyboard */; };
		9C4E64012736BA810097AD60 /* DXCmoviesAppTests.swift in Sources */ = {isa = PBXBuildFile; fileRef = 9C4E64002736BA810097AD60 /* DXCmoviesAppTests.swift */; };
		9C4E640B2736BA810097AD60 /* DXCmoviesAppUITests.swift in Sources */ = {isa = PBXBuildFile; fileRef = 9C4E640A2736BA810097AD60 /* DXCmoviesAppUITests.swift */; };
		9C4E640D2736BA810097AD60 /* DXCmoviesAppUITestsLaunchTests.swift in Sources */ = {isa = PBXBuildFile; fileRef = 9C4E640C2736BA810097AD60 /* DXCmoviesAppUITestsLaunchTests.swift */; };
		9C4E64212736D3350097AD60 /* TMDBApi.swift in Sources */ = {isa = PBXBuildFile; fileRef = 9C4E64202736D3350097AD60 /* TMDBApi.swift */; };
		9C4E64232736D33E0097AD60 /* TMDBApiConstants.swift in Sources */ = {isa = PBXBuildFile; fileRef = 9C4E64222736D33E0097AD60 /* TMDBApiConstants.swift */; };
		9C4E64262736DB360097AD60 /* Dictionary+Merge.swift in Sources */ = {isa = PBXBuildFile; fileRef = 9C4E64252736DB360097AD60 /* Dictionary+Merge.swift */; };
		9C4E64282736E3810097AD60 /* APIResponses.swift in Sources */ = {isa = PBXBuildFile; fileRef = 9C4E64272736E3810097AD60 /* APIResponses.swift */; };
		9C4E642A2736E52B0097AD60 /* Movie.swift in Sources */ = {isa = PBXBuildFile; fileRef = 9C4E64292736E52B0097AD60 /* Movie.swift */; };
		9CDBDBD4273999A400FCF19C /* MoviesListPresenter.swift in Sources */ = {isa = PBXBuildFile; fileRef = 9CDBDBD0273999A400FCF19C /* MoviesListPresenter.swift */; };
		9CDBDBD5273999A400FCF19C /* MoviesListViewController.swift in Sources */ = {isa = PBXBuildFile; fileRef = 9CDBDBD1273999A400FCF19C /* MoviesListViewController.swift */; };
		9CDBDBD6273999A400FCF19C /* MoviesListViewProtocol.swift in Sources */ = {isa = PBXBuildFile; fileRef = 9CDBDBD2273999A400FCF19C /* MoviesListViewProtocol.swift */; };
		9CDBDBD7273999A400FCF19C /* MoviesListViewController.xib in Resources */ = {isa = PBXBuildFile; fileRef = 9CDBDBD3273999A400FCF19C /* MoviesListViewController.xib */; };
		9CDBDBDA2739A27F00FCF19C /* MovieTableViewCell.swift in Sources */ = {isa = PBXBuildFile; fileRef = 9CDBDBD92739A27F00FCF19C /* MovieTableViewCell.swift */; };
		9CDBDBDC2739A29300FCF19C /* MovieTableViewCell.xib in Resources */ = {isa = PBXBuildFile; fileRef = 9CDBDBDB2739A29300FCF19C /* MovieTableViewCell.xib */; };
		9CDBDBE02739AC2200FCF19C /* error.gif in Resources */ = {isa = PBXBuildFile; fileRef = 9CDBDBDF2739AC2200FCF19C /* error.gif */; };
		9CDBDBE22739AC3600FCF19C /* loading.gif in Resources */ = {isa = PBXBuildFile; fileRef = 9CDBDBE12739AC3600FCF19C /* loading.gif */; };
		CD99DA401AF6B01146AE5429 /* Pods_DXCmoviesApp.framework in Frameworks */ = {isa = PBXBuildFile; fileRef = 229E66E91BDEBECEDFABA06E /* Pods_DXCmoviesApp.framework */; };
/* End PBXBuildFile section */

/* Begin PBXContainerItemProxy section */
		9C4E63FD2736BA810097AD60 /* PBXContainerItemProxy */ = {
			isa = PBXContainerItemProxy;
			containerPortal = 9C4E63DE2736BA7F0097AD60 /* Project object */;
			proxyType = 1;
			remoteGlobalIDString = 9C4E63E52736BA7F0097AD60;
			remoteInfo = DXCmoviesApp;
		};
		9C4E64072736BA810097AD60 /* PBXContainerItemProxy */ = {
			isa = PBXContainerItemProxy;
			containerPortal = 9C4E63DE2736BA7F0097AD60 /* Project object */;
			proxyType = 1;
			remoteGlobalIDString = 9C4E63E52736BA7F0097AD60;
			remoteInfo = DXCmoviesApp;
		};
/* End PBXContainerItemProxy section */

/* Begin PBXFileReference section */
		229E66E91BDEBECEDFABA06E /* Pods_DXCmoviesApp.framework */ = {isa = PBXFileReference; explicitFileType = wrapper.framework; includeInIndex = 0; path = Pods_DXCmoviesApp.framework; sourceTree = BUILT_PRODUCTS_DIR; };
		6B4C3F02B7A652BC5564F0DF /* Pods-DXCmoviesApp.debug.xcconfig */ = {isa = PBXFileReference; includeInIndex = 1; lastKnownFileType = text.xcconfig; name = "Pods-DXCmoviesApp.debug.xcconfig"; path = "Target Support Files/Pods-DXCmoviesApp/Pods-DXCmoviesApp.debug.xcconfig"; sourceTree = "<group>"; };
		79AE9B0FBC7D38172222946B /* Pods-DXCmoviesApp.release.xcconfig */ = {isa = PBXFileReference; includeInIndex = 1; lastKnownFileType = text.xcconfig; name = "Pods-DXCmoviesApp.release.xcconfig"; path = "Target Support Files/Pods-DXCmoviesApp/Pods-DXCmoviesApp.release.xcconfig"; sourceTree = "<group>"; };
		9C4826E9273ADCDD000CC8DC /* en */ = {isa = PBXFileReference; lastKnownFileType = text.plist.strings; name = en; path = en.lproj/Localizable.strings; sourceTree = "<group>"; };
		9C4826EB273ADCFE000CC8DC /* es */ = {isa = PBXFileReference; lastKnownFileType = text.plist.strings; name = es; path = es.lproj/Localizable.strings; sourceTree = "<group>"; };
		9C4E63E62736BA7F0097AD60 /* DXCmoviesApp.app */ = {isa = PBXFileReference; explicitFileType = wrapper.application; includeInIndex = 0; path = DXCmoviesApp.app; sourceTree = BUILT_PRODUCTS_DIR; };
		9C4E63E92736BA7F0097AD60 /* AppDelegate.swift */ = {isa = PBXFileReference; lastKnownFileType = sourcecode.swift; path = AppDelegate.swift; sourceTree = "<group>"; };
		9C4E63EB2736BA7F0097AD60 /* SceneDelegate.swift */ = {isa = PBXFileReference; lastKnownFileType = sourcecode.swift; path = SceneDelegate.swift; sourceTree = "<group>"; };
		9C4E63F22736BA810097AD60 /* Assets.xcassets */ = {isa = PBXFileReference; lastKnownFileType = folder.assetcatalog; path = Assets.xcassets; sourceTree = "<group>"; };
		9C4E63F52736BA810097AD60 /* Base */ = {isa = PBXFileReference; lastKnownFileType = file.storyboard; name = Base; path = Base.lproj/LaunchScreen.storyboard; sourceTree = "<group>"; };
		9C4E63F72736BA810097AD60 /* Info.plist */ = {isa = PBXFileReference; lastKnownFileType = text.plist.xml; path = Info.plist; sourceTree = "<group>"; };
		9C4E63FC2736BA810097AD60 /* DXCmoviesAppTests.xctest */ = {isa = PBXFileReference; explicitFileType = wrapper.cfbundle; includeInIndex = 0; path = DXCmoviesAppTests.xctest; sourceTree = BUILT_PRODUCTS_DIR; };
		9C4E64002736BA810097AD60 /* DXCmoviesAppTests.swift */ = {isa = PBXFileReference; lastKnownFileType = sourcecode.swift; path = DXCmoviesAppTests.swift; sourceTree = "<group>"; };
		9C4E64062736BA810097AD60 /* DXCmoviesAppUITests.xctest */ = {isa = PBXFileReference; explicitFileType = wrapper.cfbundle; includeInIndex = 0; path = DXCmoviesAppUITests.xctest; sourceTree = BUILT_PRODUCTS_DIR; };
		9C4E640A2736BA810097AD60 /* DXCmoviesAppUITests.swift */ = {isa = PBXFileReference; lastKnownFileType = sourcecode.swift; path = DXCmoviesAppUITests.swift; sourceTree = "<group>"; };
		9C4E640C2736BA810097AD60 /* DXCmoviesAppUITestsLaunchTests.swift */ = {isa = PBXFileReference; lastKnownFileType = sourcecode.swift; path = DXCmoviesAppUITestsLaunchTests.swift; sourceTree = "<group>"; };
		9C4E64202736D3350097AD60 /* TMDBApi.swift */ = {isa = PBXFileReference; lastKnownFileType = sourcecode.swift; path = TMDBApi.swift; sourceTree = "<group>"; };
		9C4E64222736D33E0097AD60 /* TMDBApiConstants.swift */ = {isa = PBXFileReference; lastKnownFileType = sourcecode.swift; path = TMDBApiConstants.swift; sourceTree = "<group>"; };
		9C4E64252736DB360097AD60 /* Dictionary+Merge.swift */ = {isa = PBXFileReference; lastKnownFileType = sourcecode.swift; path = "Dictionary+Merge.swift"; sourceTree = "<group>"; };
		9C4E64272736E3810097AD60 /* APIResponses.swift */ = {isa = PBXFileReference; lastKnownFileType = sourcecode.swift; path = APIResponses.swift; sourceTree = "<group>"; };
		9C4E64292736E52B0097AD60 /* Movie.swift */ = {isa = PBXFileReference; lastKnownFileType = sourcecode.swift; path = Movie.swift; sourceTree = "<group>"; };
		9CDBDBD0273999A400FCF19C /* MoviesListPresenter.swift */ = {isa = PBXFileReference; lastKnownFileType = sourcecode.swift; path = MoviesListPresenter.swift; sourceTree = "<group>"; };
		9CDBDBD1273999A400FCF19C /* MoviesListViewController.swift */ = {isa = PBXFileReference; lastKnownFileType = sourcecode.swift; path = MoviesListViewController.swift; sourceTree = "<group>"; };
		9CDBDBD2273999A400FCF19C /* MoviesListViewProtocol.swift */ = {isa = PBXFileReference; lastKnownFileType = sourcecode.swift; path = MoviesListViewProtocol.swift; sourceTree = "<group>"; };
		9CDBDBD3273999A400FCF19C /* MoviesListViewController.xib */ = {isa = PBXFileReference; lastKnownFileType = file.xib; path = MoviesListViewController.xib; sourceTree = "<group>"; };
		9CDBDBD92739A27F00FCF19C /* MovieTableViewCell.swift */ = {isa = PBXFileReference; lastKnownFileType = sourcecode.swift; path = MovieTableViewCell.swift; sourceTree = "<group>"; };
		9CDBDBDB2739A29300FCF19C /* MovieTableViewCell.xib */ = {isa = PBXFileReference; lastKnownFileType = file.xib; path = MovieTableViewCell.xib; sourceTree = "<group>"; };
		9CDBDBDF2739AC2200FCF19C /* error.gif */ = {isa = PBXFileReference; lastKnownFileType = image.gif; path = error.gif; sourceTree = "<group>"; };
		9CDBDBE12739AC3600FCF19C /* loading.gif */ = {isa = PBXFileReference; lastKnownFileType = image.gif; path = loading.gif; sourceTree = "<group>"; };
/* End PBXFileReference section */

/* Begin PBXFrameworksBuildPhase section */
		9C4E63E32736BA7F0097AD60 /* Frameworks */ = {
			isa = PBXFrameworksBuildPhase;
			buildActionMask = 2147483647;
			files = (
				CD99DA401AF6B01146AE5429 /* Pods_DXCmoviesApp.framework in Frameworks */,
			);
			runOnlyForDeploymentPostprocessing = 0;
		};
		9C4E63F92736BA810097AD60 /* Frameworks */ = {
			isa = PBXFrameworksBuildPhase;
			buildActionMask = 2147483647;
			files = (
			);
			runOnlyForDeploymentPostprocessing = 0;
		};
		9C4E64032736BA810097AD60 /* Frameworks */ = {
			isa = PBXFrameworksBuildPhase;
			buildActionMask = 2147483647;
			files = (
			);
			runOnlyForDeploymentPostprocessing = 0;
		};
/* End PBXFrameworksBuildPhase section */

/* Begin PBXGroup section */
		49F79EB5D32AF245F27B06AD /* Pods */ = {
			isa = PBXGroup;
			children = (
				6B4C3F02B7A652BC5564F0DF /* Pods-DXCmoviesApp.debug.xcconfig */,
				79AE9B0FBC7D38172222946B /* Pods-DXCmoviesApp.release.xcconfig */,
			);
			path = Pods;
			sourceTree = "<group>";
		};
		9C4E63DD2736BA7F0097AD60 = {
			isa = PBXGroup;
			children = (
				9C4E63E82736BA7F0097AD60 /* DXCmoviesApp */,
				9C4E63FF2736BA810097AD60 /* DXCmoviesAppTests */,
				9C4E64092736BA810097AD60 /* DXCmoviesAppUITests */,
				9C4E63E72736BA7F0097AD60 /* Products */,
				49F79EB5D32AF245F27B06AD /* Pods */,
				B8E71D4A5E3CE148161B7FD3 /* Frameworks */,
			);
			sourceTree = "<group>";
		};
		9C4E63E72736BA7F0097AD60 /* Products */ = {
			isa = PBXGroup;
			children = (
				9C4E63E62736BA7F0097AD60 /* DXCmoviesApp.app */,
				9C4E63FC2736BA810097AD60 /* DXCmoviesAppTests.xctest */,
				9C4E64062736BA810097AD60 /* DXCmoviesAppUITests.xctest */,
			);
			name = Products;
			sourceTree = "<group>";
		};
		9C4E63E82736BA7F0097AD60 /* DXCmoviesApp */ = {
			isa = PBXGroup;
			children = (
				9C4E63E92736BA7F0097AD60 /* AppDelegate.swift */,
				9C4E63EB2736BA7F0097AD60 /* SceneDelegate.swift */,
				9C4E641B2736CCEE0097AD60 /* Data */,
				9C4E64242736DB100097AD60 /* Helpers */,
				9C4E641F2736CDB30097AD60 /* MoviesList */,
				9C4E641E2736CD620097AD60 /* MovieDetails */,
				9C4E63F22736BA810097AD60 /* Assets.xcassets */,
				9CDBDBE32739AC7100FCF19C /* Gifts */,
				9C4E63F42736BA810097AD60 /* LaunchScreen.storyboard */,
				9C4E63F72736BA810097AD60 /* Info.plist */,
				9C4826EA273ADCDD000CC8DC /* Localizable.strings */,
			);
			path = DXCmoviesApp;
			sourceTree = "<group>";
		};
		9C4E63FF2736BA810097AD60 /* DXCmoviesAppTests */ = {
			isa = PBXGroup;
			children = (
				9C4E64002736BA810097AD60 /* DXCmoviesAppTests.swift */,
			);
			path = DXCmoviesAppTests;
			sourceTree = "<group>";
		};
		9C4E64092736BA810097AD60 /* DXCmoviesAppUITests */ = {
			isa = PBXGroup;
			children = (
				9C4E640A2736BA810097AD60 /* DXCmoviesAppUITests.swift */,
				9C4E640C2736BA810097AD60 /* DXCmoviesAppUITestsLaunchTests.swift */,
			);
			path = DXCmoviesAppUITests;
			sourceTree = "<group>";
		};
		9C4E641B2736CCEE0097AD60 /* Data */ = {
			isa = PBXGroup;
			children = (
				9C4E641D2736CD290097AD60 /* API */,
				9C4E641C2736CD210097AD60 /* Models */,
			);
			path = Data;
			sourceTree = "<group>";
		};
		9C4E641C2736CD210097AD60 /* Models */ = {
			isa = PBXGroup;
			children = (
				9C4E64272736E3810097AD60 /* APIResponses.swift */,
				9C4E64292736E52B0097AD60 /* Movie.swift */,
			);
			path = Models;
			sourceTree = "<group>";
		};
		9C4E641D2736CD290097AD60 /* API */ = {
			isa = PBXGroup;
			children = (
				9C4E64202736D3350097AD60 /* TMDBApi.swift */,
				9C4E64222736D33E0097AD60 /* TMDBApiConstants.swift */,
			);
			path = API;
			sourceTree = "<group>";
		};
		9C4E641E2736CD620097AD60 /* MovieDetails */ = {
			isa = PBXGroup;
			children = (
			);
			path = MovieDetails;
			sourceTree = "<group>";
		};
		9C4E641F2736CDB30097AD60 /* MoviesList */ = {
			isa = PBXGroup;
			children = (
				9CDBDBD82739A05A00FCF19C /* Cell */,
				9CDBDBD2273999A400FCF19C /* MoviesListViewProtocol.swift */,
				9CDBDBD0273999A400FCF19C /* MoviesListPresenter.swift */,
				9CDBDBD1273999A400FCF19C /* MoviesListViewController.swift */,
				9CDBDBD3273999A400FCF19C /* MoviesListViewController.xib */,
			);
			path = MoviesList;
			sourceTree = "<group>";
		};
		9C4E64242736DB100097AD60 /* Helpers */ = {
			isa = PBXGroup;
			children = (
				9C4E64252736DB360097AD60 /* Dictionary+Merge.swift */,
			);
			path = Helpers;
			sourceTree = "<group>";
		};
		9CDBDBD82739A05A00FCF19C /* Cell */ = {
			isa = PBXGroup;
			children = (
				9CDBDBD92739A27F00FCF19C /* MovieTableViewCell.swift */,
				9CDBDBDB2739A29300FCF19C /* MovieTableViewCell.xib */,
			);
			path = Cell;
			sourceTree = "<group>";
		};
		9CDBDBE32739AC7100FCF19C /* Gifts */ = {
			isa = PBXGroup;
			children = (
				9CDBDBDF2739AC2200FCF19C /* error.gif */,
				9CDBDBE12739AC3600FCF19C /* loading.gif */,
			);
			path = Gifts;
			sourceTree = "<group>";
		};
		B8E71D4A5E3CE148161B7FD3 /* Frameworks */ = {
			isa = PBXGroup;
			children = (
				229E66E91BDEBECEDFABA06E /* Pods_DXCmoviesApp.framework */,
			);
			name = Frameworks;
			sourceTree = "<group>";
		};
/* End PBXGroup section */

/* Begin PBXNativeTarget section */
		9C4E63E52736BA7F0097AD60 /* DXCmoviesApp */ = {
			isa = PBXNativeTarget;
			buildConfigurationList = 9C4E64102736BA810097AD60 /* Build configuration list for PBXNativeTarget "DXCmoviesApp" */;
			buildPhases = (
				26D8BCED302E01B302EBAB4D /* [CP] Check Pods Manifest.lock */,
				9C4E63E22736BA7F0097AD60 /* Sources */,
				9C4E63E32736BA7F0097AD60 /* Frameworks */,
				9C4E63E42736BA7F0097AD60 /* Resources */,
				2CBA57052DD0C5722BF700B8 /* [CP] Embed Pods Frameworks */,
			);
			buildRules = (
			);
			dependencies = (
			);
			name = DXCmoviesApp;
			productName = DXCmoviesApp;
			productReference = 9C4E63E62736BA7F0097AD60 /* DXCmoviesApp.app */;
			productType = "com.apple.product-type.application";
		};
		9C4E63FB2736BA810097AD60 /* DXCmoviesAppTests */ = {
			isa = PBXNativeTarget;
			buildConfigurationList = 9C4E64132736BA810097AD60 /* Build configuration list for PBXNativeTarget "DXCmoviesAppTests" */;
			buildPhases = (
				9C4E63F82736BA810097AD60 /* Sources */,
				9C4E63F92736BA810097AD60 /* Frameworks */,
				9C4E63FA2736BA810097AD60 /* Resources */,
			);
			buildRules = (
			);
			dependencies = (
				9C4E63FE2736BA810097AD60 /* PBXTargetDependency */,
			);
			name = DXCmoviesAppTests;
			productName = DXCmoviesAppTests;
			productReference = 9C4E63FC2736BA810097AD60 /* DXCmoviesAppTests.xctest */;
			productType = "com.apple.product-type.bundle.unit-test";
		};
		9C4E64052736BA810097AD60 /* DXCmoviesAppUITests */ = {
			isa = PBXNativeTarget;
			buildConfigurationList = 9C4E64162736BA810097AD60 /* Build configuration list for PBXNativeTarget "DXCmoviesAppUITests" */;
			buildPhases = (
				9C4E64022736BA810097AD60 /* Sources */,
				9C4E64032736BA810097AD60 /* Frameworks */,
				9C4E64042736BA810097AD60 /* Resources */,
			);
			buildRules = (
			);
			dependencies = (
				9C4E64082736BA810097AD60 /* PBXTargetDependency */,
			);
			name = DXCmoviesAppUITests;
			productName = DXCmoviesAppUITests;
			productReference = 9C4E64062736BA810097AD60 /* DXCmoviesAppUITests.xctest */;
			productType = "com.apple.product-type.bundle.ui-testing";
		};
/* End PBXNativeTarget section */

/* Begin PBXProject section */
		9C4E63DE2736BA7F0097AD60 /* Project object */ = {
			isa = PBXProject;
			attributes = {
				BuildIndependentTargetsInParallel = 1;
				LastSwiftUpdateCheck = 1310;
				LastUpgradeCheck = 1310;
				TargetAttributes = {
					9C4E63E52736BA7F0097AD60 = {
						CreatedOnToolsVersion = 13.1;
					};
					9C4E63FB2736BA810097AD60 = {
						CreatedOnToolsVersion = 13.1;
						TestTargetID = 9C4E63E52736BA7F0097AD60;
					};
					9C4E64052736BA810097AD60 = {
						CreatedOnToolsVersion = 13.1;
						TestTargetID = 9C4E63E52736BA7F0097AD60;
					};
				};
			};
			buildConfigurationList = 9C4E63E12736BA7F0097AD60 /* Build configuration list for PBXProject "DXCmoviesApp" */;
			compatibilityVersion = "Xcode 13.0";
			developmentRegion = en;
			hasScannedForEncodings = 0;
			knownRegions = (
				en,
				Base,
				es,
			);
			mainGroup = 9C4E63DD2736BA7F0097AD60;
			productRefGroup = 9C4E63E72736BA7F0097AD60 /* Products */;
			projectDirPath = "";
			projectRoot = "";
			targets = (
				9C4E63E52736BA7F0097AD60 /* DXCmoviesApp */,
				9C4E63FB2736BA810097AD60 /* DXCmoviesAppTests */,
				9C4E64052736BA810097AD60 /* DXCmoviesAppUITests */,
			);
		};
/* End PBXProject section */

/* Begin PBXResourcesBuildPhase section */
		9C4E63E42736BA7F0097AD60 /* Resources */ = {
			isa = PBXResourcesBuildPhase;
			buildActionMask = 2147483647;
			files = (
				9C4E63F62736BA810097AD60 /* LaunchScreen.storyboard in Resources */,
				9C4E63F32736BA810097AD60 /* Assets.xcassets in Resources */,
				9CDBDBDC2739A29300FCF19C /* MovieTableViewCell.xib in Resources */,
				9C4826E8273ADCDD000CC8DC /* Localizable.strings in Resources */,
				9CDBDBE22739AC3600FCF19C /* loading.gif in Resources */,
				9CDBDBD7273999A400FCF19C /* MoviesListViewController.xib in Resources */,
				9CDBDBE02739AC2200FCF19C /* error.gif in Resources */,
			);
			runOnlyForDeploymentPostprocessing = 0;
		};
		9C4E63FA2736BA810097AD60 /* Resources */ = {
			isa = PBXResourcesBuildPhase;
			buildActionMask = 2147483647;
			files = (
			);
			runOnlyForDeploymentPostprocessing = 0;
		};
		9C4E64042736BA810097AD60 /* Resources */ = {
			isa = PBXResourcesBuildPhase;
			buildActionMask = 2147483647;
			files = (
			);
			runOnlyForDeploymentPostprocessing = 0;
		};
/* End PBXResourcesBuildPhase section */

/* Begin PBXShellScriptBuildPhase section */
		26D8BCED302E01B302EBAB4D /* [CP] Check Pods Manifest.lock */ = {
			isa = PBXShellScriptBuildPhase;
			buildActionMask = 2147483647;
			files = (
			);
			inputFileListPaths = (
			);
			inputPaths = (
				"${PODS_PODFILE_DIR_PATH}/Podfile.lock",
				"${PODS_ROOT}/Manifest.lock",
			);
			name = "[CP] Check Pods Manifest.lock";
			outputFileListPaths = (
			);
			outputPaths = (
				"$(DERIVED_FILE_DIR)/Pods-DXCmoviesApp-checkManifestLockResult.txt",
			);
			runOnlyForDeploymentPostprocessing = 0;
			shellPath = /bin/sh;
			shellScript = "diff \"${PODS_PODFILE_DIR_PATH}/Podfile.lock\" \"${PODS_ROOT}/Manifest.lock\" > /dev/null\nif [ $? != 0 ] ; then\n    # print error to STDERR\n    echo \"error: The sandbox is not in sync with the Podfile.lock. Run 'pod install' or update your CocoaPods installation.\" >&2\n    exit 1\nfi\n# This output is used by Xcode 'outputs' to avoid re-running this script phase.\necho \"SUCCESS\" > \"${SCRIPT_OUTPUT_FILE_0}\"\n";
			showEnvVarsInLog = 0;
		};
		2CBA57052DD0C5722BF700B8 /* [CP] Embed Pods Frameworks */ = {
			isa = PBXShellScriptBuildPhase;
			buildActionMask = 2147483647;
			files = (
			);
			inputFileListPaths = (
				"${PODS_ROOT}/Target Support Files/Pods-DXCmoviesApp/Pods-DXCmoviesApp-frameworks-${CONFIGURATION}-input-files.xcfilelist",
			);
			name = "[CP] Embed Pods Frameworks";
			outputFileListPaths = (
				"${PODS_ROOT}/Target Support Files/Pods-DXCmoviesApp/Pods-DXCmoviesApp-frameworks-${CONFIGURATION}-output-files.xcfilelist",
			);
			runOnlyForDeploymentPostprocessing = 0;
			shellPath = /bin/sh;
			shellScript = "\"${PODS_ROOT}/Target Support Files/Pods-DXCmoviesApp/Pods-DXCmoviesApp-frameworks.sh\"\n";
			showEnvVarsInLog = 0;
		};
/* End PBXShellScriptBuildPhase section */

/* Begin PBXSourcesBuildPhase section */
		9C4E63E22736BA7F0097AD60 /* Sources */ = {
			isa = PBXSourcesBuildPhase;
			buildActionMask = 2147483647;
			files = (
				9C4E64262736DB360097AD60 /* Dictionary+Merge.swift in Sources */,
				9CDBDBDA2739A27F00FCF19C /* MovieTableViewCell.swift in Sources */,
				9CDBDBD6273999A400FCF19C /* MoviesListViewProtocol.swift in Sources */,
				9CDBDBD4273999A400FCF19C /* MoviesListPresenter.swift in Sources */,
				9C4E64212736D3350097AD60 /* TMDBApi.swift in Sources */,
				9C4E63EA2736BA7F0097AD60 /* AppDelegate.swift in Sources */,
				9C4E64232736D33E0097AD60 /* TMDBApiConstants.swift in Sources */,
				9C4E64282736E3810097AD60 /* APIResponses.swift in Sources */,
				9CDBDBD5273999A400FCF19C /* MoviesListViewController.swift in Sources */,
				9C4E642A2736E52B0097AD60 /* Movie.swift in Sources */,
				9C4E63EC2736BA7F0097AD60 /* SceneDelegate.swift in Sources */,
			);
			runOnlyForDeploymentPostprocessing = 0;
		};
		9C4E63F82736BA810097AD60 /* Sources */ = {
			isa = PBXSourcesBuildPhase;
			buildActionMask = 2147483647;
			files = (
				9C4E64012736BA810097AD60 /* DXCmoviesAppTests.swift in Sources */,
			);
			runOnlyForDeploymentPostprocessing = 0;
		};
		9C4E64022736BA810097AD60 /* Sources */ = {
			isa = PBXSourcesBuildPhase;
			buildActionMask = 2147483647;
			files = (
				9C4E640B2736BA810097AD60 /* DXCmoviesAppUITests.swift in Sources */,
				9C4E640D2736BA810097AD60 /* DXCmoviesAppUITestsLaunchTests.swift in Sources */,
			);
			runOnlyForDeploymentPostprocessing = 0;
		};
/* End PBXSourcesBuildPhase section */

/* Begin PBXTargetDependency section */
		9C4E63FE2736BA810097AD60 /* PBXTargetDependency */ = {
			isa = PBXTargetDependency;
			target = 9C4E63E52736BA7F0097AD60 /* DXCmoviesApp */;
			targetProxy = 9C4E63FD2736BA810097AD60 /* PBXContainerItemProxy */;
		};
		9C4E64082736BA810097AD60 /* PBXTargetDependency */ = {
			isa = PBXTargetDependency;
			target = 9C4E63E52736BA7F0097AD60 /* DXCmoviesApp */;
			targetProxy = 9C4E64072736BA810097AD60 /* PBXContainerItemProxy */;
		};
/* End PBXTargetDependency section */

/* Begin PBXVariantGroup section */
		9C4826EA273ADCDD000CC8DC /* Localizable.strings */ = {
			isa = PBXVariantGroup;
			children = (
				9C4826E9273ADCDD000CC8DC /* en */,
				9C4826EB273ADCFE000CC8DC /* es */,
			);
			name = Localizable.strings;
			sourceTree = "<group>";
		};
		9C4E63F42736BA810097AD60 /* LaunchScreen.storyboard */ = {
			isa = PBXVariantGroup;
			children = (
				9C4E63F52736BA810097AD60 /* Base */,
			);
			name = LaunchScreen.storyboard;
			sourceTree = "<group>";
		};
/* End PBXVariantGroup section */

/* Begin XCBuildConfiguration section */
		9C4E640E2736BA810097AD60 /* Debug */ = {
			isa = XCBuildConfiguration;
			buildSettings = {
				ALWAYS_SEARCH_USER_PATHS = NO;
				CLANG_ANALYZER_LOCALIZABILITY_NONLOCALIZED = YES;
				CLANG_ANALYZER_NONNULL = YES;
				CLANG_ANALYZER_NUMBER_OBJECT_CONVERSION = YES_AGGRESSIVE;
				CLANG_CXX_LANGUAGE_STANDARD = "gnu++17";
				CLANG_CXX_LIBRARY = "libc++";
				CLANG_ENABLE_MODULES = YES;
				CLANG_ENABLE_OBJC_ARC = YES;
				CLANG_ENABLE_OBJC_WEAK = YES;
				CLANG_WARN_BLOCK_CAPTURE_AUTORELEASING = YES;
				CLANG_WARN_BOOL_CONVERSION = YES;
				CLANG_WARN_COMMA = YES;
				CLANG_WARN_CONSTANT_CONVERSION = YES;
				CLANG_WARN_DEPRECATED_OBJC_IMPLEMENTATIONS = YES;
				CLANG_WARN_DIRECT_OBJC_ISA_USAGE = YES_ERROR;
				CLANG_WARN_DOCUMENTATION_COMMENTS = YES;
				CLANG_WARN_EMPTY_BODY = YES;
				CLANG_WARN_ENUM_CONVERSION = YES;
				CLANG_WARN_INFINITE_RECURSION = YES;
				CLANG_WARN_INT_CONVERSION = YES;
				CLANG_WARN_NON_LITERAL_NULL_CONVERSION = YES;
				CLANG_WARN_OBJC_IMPLICIT_RETAIN_SELF = YES;
				CLANG_WARN_OBJC_LITERAL_CONVERSION = YES;
				CLANG_WARN_OBJC_ROOT_CLASS = YES_ERROR;
				CLANG_WARN_QUOTED_INCLUDE_IN_FRAMEWORK_HEADER = YES;
				CLANG_WARN_RANGE_LOOP_ANALYSIS = YES;
				CLANG_WARN_STRICT_PROTOTYPES = YES;
				CLANG_WARN_SUSPICIOUS_MOVE = YES;
				CLANG_WARN_UNGUARDED_AVAILABILITY = YES_AGGRESSIVE;
				CLANG_WARN_UNREACHABLE_CODE = YES;
				CLANG_WARN__DUPLICATE_METHOD_MATCH = YES;
				COPY_PHASE_STRIP = NO;
				DEBUG_INFORMATION_FORMAT = dwarf;
				ENABLE_STRICT_OBJC_MSGSEND = YES;
				ENABLE_TESTABILITY = YES;
				GCC_C_LANGUAGE_STANDARD = gnu11;
				GCC_DYNAMIC_NO_PIC = NO;
				GCC_NO_COMMON_BLOCKS = YES;
				GCC_OPTIMIZATION_LEVEL = 0;
				GCC_PREPROCESSOR_DEFINITIONS = (
					"DEBUG=1",
					"$(inherited)",
				);
				GCC_WARN_64_TO_32_BIT_CONVERSION = YES;
				GCC_WARN_ABOUT_RETURN_TYPE = YES_ERROR;
				GCC_WARN_UNDECLARED_SELECTOR = YES;
				GCC_WARN_UNINITIALIZED_AUTOS = YES_AGGRESSIVE;
				GCC_WARN_UNUSED_FUNCTION = YES;
				GCC_WARN_UNUSED_VARIABLE = YES;
				IPHONEOS_DEPLOYMENT_TARGET = 15.0;
				MTL_ENABLE_DEBUG_INFO = INCLUDE_SOURCE;
				MTL_FAST_MATH = YES;
				ONLY_ACTIVE_ARCH = YES;
				SDKROOT = iphoneos;
				SWIFT_ACTIVE_COMPILATION_CONDITIONS = DEBUG;
				SWIFT_OPTIMIZATION_LEVEL = "-Onone";
			};
			name = Debug;
		};
		9C4E640F2736BA810097AD60 /* Release */ = {
			isa = XCBuildConfiguration;
			buildSettings = {
				ALWAYS_SEARCH_USER_PATHS = NO;
				CLANG_ANALYZER_LOCALIZABILITY_NONLOCALIZED = YES;
				CLANG_ANALYZER_NONNULL = YES;
				CLANG_ANALYZER_NUMBER_OBJECT_CONVERSION = YES_AGGRESSIVE;
				CLANG_CXX_LANGUAGE_STANDARD = "gnu++17";
				CLANG_CXX_LIBRARY = "libc++";
				CLANG_ENABLE_MODULES = YES;
				CLANG_ENABLE_OBJC_ARC = YES;
				CLANG_ENABLE_OBJC_WEAK = YES;
				CLANG_WARN_BLOCK_CAPTURE_AUTORELEASING = YES;
				CLANG_WARN_BOOL_CONVERSION = YES;
				CLANG_WARN_COMMA = YES;
				CLANG_WARN_CONSTANT_CONVERSION = YES;
				CLANG_WARN_DEPRECATED_OBJC_IMPLEMENTATIONS = YES;
				CLANG_WARN_DIRECT_OBJC_ISA_USAGE = YES_ERROR;
				CLANG_WARN_DOCUMENTATION_COMMENTS = YES;
				CLANG_WARN_EMPTY_BODY = YES;
				CLANG_WARN_ENUM_CONVERSION = YES;
				CLANG_WARN_INFINITE_RECURSION = YES;
				CLANG_WARN_INT_CONVERSION = YES;
				CLANG_WARN_NON_LITERAL_NULL_CONVERSION = YES;
				CLANG_WARN_OBJC_IMPLICIT_RETAIN_SELF = YES;
				CLANG_WARN_OBJC_LITERAL_CONVERSION = YES;
				CLANG_WARN_OBJC_ROOT_CLASS = YES_ERROR;
				CLANG_WARN_QUOTED_INCLUDE_IN_FRAMEWORK_HEADER = YES;
				CLANG_WARN_RANGE_LOOP_ANALYSIS = YES;
				CLANG_WARN_STRICT_PROTOTYPES = YES;
				CLANG_WARN_SUSPICIOUS_MOVE = YES;
				CLANG_WARN_UNGUARDED_AVAILABILITY = YES_AGGRESSIVE;
				CLANG_WARN_UNREACHABLE_CODE = YES;
				CLANG_WARN__DUPLICATE_METHOD_MATCH = YES;
				COPY_PHASE_STRIP = NO;
				DEBUG_INFORMATION_FORMAT = "dwarf-with-dsym";
				ENABLE_NS_ASSERTIONS = NO;
				ENABLE_STRICT_OBJC_MSGSEND = YES;
				GCC_C_LANGUAGE_STANDARD = gnu11;
				GCC_NO_COMMON_BLOCKS = YES;
				GCC_WARN_64_TO_32_BIT_CONVERSION = YES;
				GCC_WARN_ABOUT_RETURN_TYPE = YES_ERROR;
				GCC_WARN_UNDECLARED_SELECTOR = YES;
				GCC_WARN_UNINITIALIZED_AUTOS = YES_AGGRESSIVE;
				GCC_WARN_UNUSED_FUNCTION = YES;
				GCC_WARN_UNUSED_VARIABLE = YES;
				IPHONEOS_DEPLOYMENT_TARGET = 15.0;
				MTL_ENABLE_DEBUG_INFO = NO;
				MTL_FAST_MATH = YES;
				SDKROOT = iphoneos;
				SWIFT_COMPILATION_MODE = wholemodule;
				SWIFT_OPTIMIZATION_LEVEL = "-O";
				VALIDATE_PRODUCT = YES;
			};
			name = Release;
		};
		9C4E64112736BA810097AD60 /* Debug */ = {
			isa = XCBuildConfiguration;
			baseConfigurationReference = 6B4C3F02B7A652BC5564F0DF /* Pods-DXCmoviesApp.debug.xcconfig */;
			buildSettings = {
				ASSETCATALOG_COMPILER_APPICON_NAME = AppIcon;
				ASSETCATALOG_COMPILER_GLOBAL_ACCENT_COLOR_NAME = AccentColor;
				CODE_SIGN_STYLE = Automatic;
				CURRENT_PROJECT_VERSION = 1;
				DEVELOPMENT_TEAM = Y24QLZBP79;
				GENERATE_INFOPLIST_FILE = YES;
				INFOPLIST_FILE = DXCmoviesApp/Info.plist;
				INFOPLIST_KEY_UIApplicationSupportsIndirectInputEvents = YES;
				INFOPLIST_KEY_UILaunchStoryboardName = LaunchScreen;
				INFOPLIST_KEY_UISupportedInterfaceOrientations_iPad = "UIInterfaceOrientationPortrait UIInterfaceOrientationPortraitUpsideDown UIInterfaceOrientationLandscapeLeft UIInterfaceOrientationLandscapeRight";
				INFOPLIST_KEY_UISupportedInterfaceOrientations_iPhone = "UIInterfaceOrientationPortrait UIInterfaceOrientationLandscapeLeft UIInterfaceOrientationLandscapeRight";
				LD_RUNPATH_SEARCH_PATHS = (
					"$(inherited)",
					"@executable_path/Frameworks",
				);
				MARKETING_VERSION = 1.0;
				PRODUCT_BUNDLE_IDENTIFIER = com.duukee.DXCmoviesApp;
				PRODUCT_NAME = "$(TARGET_NAME)";
				SWIFT_EMIT_LOC_STRINGS = YES;
				SWIFT_VERSION = 5.0;
				TARGETED_DEVICE_FAMILY = "1,2";
			};
			name = Debug;
		};
		9C4E64122736BA810097AD60 /* Release */ = {
			isa = XCBuildConfiguration;
			baseConfigurationReference = 79AE9B0FBC7D38172222946B /* Pods-DXCmoviesApp.release.xcconfig */;
			buildSettings = {
				ASSETCATALOG_COMPILER_APPICON_NAME = AppIcon;
				ASSETCATALOG_COMPILER_GLOBAL_ACCENT_COLOR_NAME = AccentColor;
				CODE_SIGN_STYLE = Automatic;
				CURRENT_PROJECT_VERSION = 1;
				DEVELOPMENT_TEAM = Y24QLZBP79;
				GENERATE_INFOPLIST_FILE = YES;
				INFOPLIST_FILE = DXCmoviesApp/Info.plist;
				INFOPLIST_KEY_UIApplicationSupportsIndirectInputEvents = YES;
				INFOPLIST_KEY_UILaunchStoryboardName = LaunchScreen;
				INFOPLIST_KEY_UISupportedInterfaceOrientations_iPad = "UIInterfaceOrientationPortrait UIInterfaceOrientationPortraitUpsideDown UIInterfaceOrientationLandscapeLeft UIInterfaceOrientationLandscapeRight";
				INFOPLIST_KEY_UISupportedInterfaceOrientations_iPhone = "UIInterfaceOrientationPortrait UIInterfaceOrientationLandscapeLeft UIInterfaceOrientationLandscapeRight";
				LD_RUNPATH_SEARCH_PATHS = (
					"$(inherited)",
					"@executable_path/Frameworks",
				);
				MARKETING_VERSION = 1.0;
				PRODUCT_BUNDLE_IDENTIFIER = com.duukee.DXCmoviesApp;
				PRODUCT_NAME = "$(TARGET_NAME)";
				SWIFT_EMIT_LOC_STRINGS = YES;
				SWIFT_VERSION = 5.0;
				TARGETED_DEVICE_FAMILY = "1,2";
			};
			name = Release;
		};
		9C4E64142736BA810097AD60 /* Debug */ = {
			isa = XCBuildConfiguration;
			buildSettings = {
				ALWAYS_EMBED_SWIFT_STANDARD_LIBRARIES = YES;
				BUNDLE_LOADER = "$(TEST_HOST)";
				CODE_SIGN_STYLE = Automatic;
				CURRENT_PROJECT_VERSION = 1;
				DEVELOPMENT_TEAM = Y24QLZBP79;
				GENERATE_INFOPLIST_FILE = YES;
				IPHONEOS_DEPLOYMENT_TARGET = 15.0;
				LD_RUNPATH_SEARCH_PATHS = (
					"$(inherited)",
					"@executable_path/Frameworks",
					"@loader_path/Frameworks",
				);
				MARKETING_VERSION = 1.0;
				PRODUCT_BUNDLE_IDENTIFIER = com.duukee.DXCmoviesAppTests;
				PRODUCT_NAME = "$(TARGET_NAME)";
				SWIFT_EMIT_LOC_STRINGS = NO;
				SWIFT_VERSION = 5.0;
				TARGETED_DEVICE_FAMILY = "1,2";
				TEST_HOST = "$(BUILT_PRODUCTS_DIR)/DXCmoviesApp.app/DXCmoviesApp";
			};
			name = Debug;
		};
		9C4E64152736BA810097AD60 /* Release */ = {
			isa = XCBuildConfiguration;
			buildSettings = {
				ALWAYS_EMBED_SWIFT_STANDARD_LIBRARIES = YES;
				BUNDLE_LOADER = "$(TEST_HOST)";
				CODE_SIGN_STYLE = Automatic;
				CURRENT_PROJECT_VERSION = 1;
				DEVELOPMENT_TEAM = Y24QLZBP79;
				GENERATE_INFOPLIST_FILE = YES;
				IPHONEOS_DEPLOYMENT_TARGET = 15.0;
				LD_RUNPATH_SEARCH_PATHS = (
					"$(inherited)",
					"@executable_path/Frameworks",
					"@loader_path/Frameworks",
				);
				MARKETING_VERSION = 1.0;
				PRODUCT_BUNDLE_IDENTIFIER = com.duukee.DXCmoviesAppTests;
				PRODUCT_NAME = "$(TARGET_NAME)";
				SWIFT_EMIT_LOC_STRINGS = NO;
				SWIFT_VERSION = 5.0;
				TARGETED_DEVICE_FAMILY = "1,2";
				TEST_HOST = "$(BUILT_PRODUCTS_DIR)/DXCmoviesApp.app/DXCmoviesApp";
			};
			name = Release;
		};
		9C4E64172736BA810097AD60 /* Debug */ = {
			isa = XCBuildConfiguration;
			buildSettings = {
				ALWAYS_EMBED_SWIFT_STANDARD_LIBRARIES = YES;
				CODE_SIGN_STYLE = Automatic;
				CURRENT_PROJECT_VERSION = 1;
				DEVELOPMENT_TEAM = Y24QLZBP79;
				GENERATE_INFOPLIST_FILE = YES;
				LD_RUNPATH_SEARCH_PATHS = (
					"$(inherited)",
					"@executable_path/Frameworks",
					"@loader_path/Frameworks",
				);
				MARKETING_VERSION = 1.0;
				PRODUCT_BUNDLE_IDENTIFIER = com.duukee.DXCmoviesAppUITests;
				PRODUCT_NAME = "$(TARGET_NAME)";
				SWIFT_EMIT_LOC_STRINGS = NO;
				SWIFT_VERSION = 5.0;
				TARGETED_DEVICE_FAMILY = "1,2";
				TEST_TARGET_NAME = DXCmoviesApp;
			};
			name = Debug;
		};
		9C4E64182736BA810097AD60 /* Release */ = {
			isa = XCBuildConfiguration;
			buildSettings = {
				ALWAYS_EMBED_SWIFT_STANDARD_LIBRARIES = YES;
				CODE_SIGN_STYLE = Automatic;
				CURRENT_PROJECT_VERSION = 1;
				DEVELOPMENT_TEAM = Y24QLZBP79;
				GENERATE_INFOPLIST_FILE = YES;
				LD_RUNPATH_SEARCH_PATHS = (
					"$(inherited)",
					"@executable_path/Frameworks",
					"@loader_path/Frameworks",
				);
				MARKETING_VERSION = 1.0;
				PRODUCT_BUNDLE_IDENTIFIER = com.duukee.DXCmoviesAppUITests;
				PRODUCT_NAME = "$(TARGET_NAME)";
				SWIFT_EMIT_LOC_STRINGS = NO;
				SWIFT_VERSION = 5.0;
				TARGETED_DEVICE_FAMILY = "1,2";
				TEST_TARGET_NAME = DXCmoviesApp;
			};
			name = Release;
		};
/* End XCBuildConfiguration section */

/* Begin XCConfigurationList section */
		9C4E63E12736BA7F0097AD60 /* Build configuration list for PBXProject "DXCmoviesApp" */ = {
			isa = XCConfigurationList;
			buildConfigurations = (
				9C4E640E2736BA810097AD60 /* Debug */,
				9C4E640F2736BA810097AD60 /* Release */,
			);
			defaultConfigurationIsVisible = 0;
			defaultConfigurationName = Release;
		};
		9C4E64102736BA810097AD60 /* Build configuration list for PBXNativeTarget "DXCmoviesApp" */ = {
			isa = XCConfigurationList;
			buildConfigurations = (
				9C4E64112736BA810097AD60 /* Debug */,
				9C4E64122736BA810097AD60 /* Release */,
			);
			defaultConfigurationIsVisible = 0;
			defaultConfigurationName = Release;
		};
		9C4E64132736BA810097AD60 /* Build configuration list for PBXNativeTarget "DXCmoviesAppTests" */ = {
			isa = XCConfigurationList;
			buildConfigurations = (
				9C4E64142736BA810097AD60 /* Debug */,
				9C4E64152736BA810097AD60 /* Release */,
			);
			defaultConfigurationIsVisible = 0;
			defaultConfigurationName = Release;
		};
		9C4E64162736BA810097AD60 /* Build configuration list for PBXNativeTarget "DXCmoviesAppUITests" */ = {
			isa = XCConfigurationList;
			buildConfigurations = (
				9C4E64172736BA810097AD60 /* Debug */,
				9C4E64182736BA810097AD60 /* Release */,
			);
			defaultConfigurationIsVisible = 0;
			defaultConfigurationName = Release;
		};
/* End XCConfigurationList section */
	};
	rootObject = 9C4E63DE2736BA7F0097AD60 /* Project object */;
}
